Microsoft Visual Studio Solution File, Format Version 12.00
# Visual Studio Version 17
VisualStudioVersion = 17.5.2.0
MinimumVisualStudioVersion = 10.0.40219.1
Project("{FAE04EC0-301F-11D3-BF4B-00C04F79EFBC}") = "unit-test-practice-1", "unit-test-practice-1.csproj", "{23CD7FFD-757C-1459-0820-CD2546A6B889}"
EndProject
Project("{2150E333-8FDC-42A3-9474-1A3956D46DE8}") = "src", "src", "{827E0CD3-B72D-47B6-A68D-7590B98EB39B}"
EndProject
Project("{2150E333-8FDC-42A3-9474-1A3956D46DE8}") = "test", "test", "{3E72BF5C-0B5E-D5BD-DCAE-6B991004B4A5}"
EndProject
Project("{2150E333-8FDC-42A3-9474-1A3956D46DE8}") = "C#", "C#", "{B3B38040-4B58-1976-615D-02DFC317F0BA}"
EndProject
Project("{FAE04EC0-301F-11D3-BF4B-00C04F79EFBC}") = "unit-test-practices-1.Tests", "src\test\C#\unit-test-practices-1.Tests\unit-test-practices-1.Tests.csproj", "{95CB69FB-75D4-D9A1-C0C5-3FD0B94D5D78}"
EndProject
Global
	GlobalSection(SolutionConfigurationPlatforms) = preSolution
		Debug|Any CPU = Debug|Any CPU
		Release|Any CPU = Release|Any CPU
	EndGlobalSection
	GlobalSection(ProjectConfigurationPlatforms) = postSolution
		{23CD7FFD-757C-1459-0820-CD2546A6B889}.Debug|Any CPU.ActiveCfg = Debug|Any CPU
		{23CD7FFD-757C-1459-0820-CD2546A6B889}.Debug|Any CPU.Build.0 = Debug|Any CPU
		{23CD7FFD-757C-1459-0820-CD2546A6B889}.Release|Any CPU.ActiveCfg = Release|Any CPU
		{23CD7FFD-757C-1459-0820-CD2546A6B889}.Release|Any CPU.Build.0 = Release|Any CPU
		{95CB69FB-75D4-D9A1-C0C5-3FD0B94D5D78}.Debug|Any CPU.ActiveCfg = Debug|Any CPU
		{95CB69FB-75D4-D9A1-C0C5-3FD0B94D5D78}.Debug|Any CPU.Build.0 = Debug|Any CPU
		{95CB69FB-75D4-D9A1-C0C5-3FD0B94D5D78}.Release|Any CPU.ActiveCfg = Release|Any CPU
		{95CB69FB-75D4-D9A1-C0C5-3FD0B94D5D78}.Release|Any CPU.Build.0 = Release|Any CPU
	EndGlobalSection
	GlobalSection(SolutionProperties) = preSolution
		HideSolutionNode = FALSE
	EndGlobalSection
	GlobalSection(NestedProjects) = preSolution
		{3E72BF5C-0B5E-D5BD-DCAE-6B991004B4A5} = {827E0CD3-B72D-47B6-A68D-7590B98EB39B}
		{B3B38040-4B58-1976-615D-02DFC317F0BA} = {3E72BF5C-0B5E-D5BD-DCAE-6B991004B4A5}
		{95CB69FB-75D4-D9A1-C0C5-3FD0B94D5D78} = {B3B38040-4B58-1976-615D-02DFC317F0BA}
	EndGlobalSection
	GlobalSection(ExtensibilityGlobals) = postSolution
		SolutionGuid = {C1D27FD4-C46D-43CD-9D5C-CD603F3F8FD7}
	EndGlobalSection
EndGlobal
